
Microsoft Visual Studio Solution File, Format Version 12.00
# Visual Studio Version 16
VisualStudioVersion = 16.0.31911.196
MinimumVisualStudioVersion = 10.0.40219.1
Project("{FAE04EC0-301F-11D3-BF4B-00C04F79EFBC}") = "BMPtoCcode", "BMPtoCcode.csproj", "{882AE53B-C120-4551-977A-BDDEBB4DFE91}"
EndProject
Global
	GlobalSection(SolutionConfigurationPlatforms) = preSolution
		Debug|Any CPU = Debug|Any CPU
		Release|Any CPU = Release|Any CPU
	EndGlobalSection
	GlobalSection(ProjectConfigurationPlatforms) = postSolution
		{882AE53B-C120-4551-977A-BDDEBB4DFE91}.Debug|Any CPU.ActiveCfg = Debug|Any CPU
		{882AE53B-C120-4551-977A-BDDEBB4DFE91}.Debug|Any CPU.Build.0 = Debug|Any CPU
		{882AE53B-C120-4551-977A-BDDEBB4DFE91}.Release|Any CPU.ActiveCfg = Release|Any CPU
		{882AE53B-C120-4551-977A-BDDEBB4DFE91}.Release|Any CPU.Build.0 = Release|Any CPU
	EndGlobalSection
	GlobalSection(SolutionProperties) = preSolution
		HideSolutionNode = FALSE
	EndGlobalSection
	GlobalSection(ExtensibilityGlobals) = postSolution
		SolutionGuid = {AD1101D6-DC2E-4B03-84C0-0010092DAEA0}
	EndGlobalSection
EndGlobal
